Microsoft Visual Studio Solution File, Format Version 12.00
# Visual Studio Version 17
VisualStudioVersion = 17.10.35004.147
MinimumVisualStudioVersion = 10.0.40219.1
Project("{FAE04EC0-301F-11D3-BF4B-00C04F79EFBC}") = "Bat_launcher", "Bat_launcher.csproj", "{4FCC961E-DBC2-4D4A-9D2E-A23B0B23D2B3}"
EndProject
Global
	GlobalSection(SolutionConfigurationPlatforms) = preSolution
		Debug|Any CPU = Debug|Any CPU
		Debug|x64 = Debug|x64
		Release|Any CPU = Release|Any CPU
		Release|x64 = Release|x64
	EndGlobalSection
	GlobalSection(ProjectConfigurationPlatforms) = postSolution
		{4FCC961E-DBC2-4D4A-9D2E-A23B0B23D2B3}.Debug|Any CPU.ActiveCfg = Debug|x64
		{4FCC961E-DBC2-4D4A-9D2E-A23B0B23D2B3}.Debug|Any CPU.Build.0 = Debug|x64
		{4FCC961E-DBC2-4D4A-9D2E-A23B0B23D2B3}.Debug|x64.ActiveCfg = Debug|x64
		{4FCC961E-DBC2-4D4A-9D2E-A23B0B23D2B3}.Debug|x64.Build.0 = Debug|x64
		{4FCC961E-DBC2-4D4A-9D2E-A23B0B23D2B3}.Release|Any CPU.ActiveCfg = Release|Any CPU
		{4FCC961E-DBC2-4D4A-9D2E-A23B0B23D2B3}.Release|Any CPU.Build.0 = Release|Any CPU
		{4FCC961E-DBC2-4D4A-9D2E-A23B0B23D2B3}.Release|x64.ActiveCfg = Release|x64
		{4FCC961E-DBC2-4D4A-9D2E-A23B0B23D2B3}.Release|x64.Build.0 = Release|x64
	EndGlobalSection
	GlobalSection(SolutionProperties) = preSolution
		HideSolutionNode = FALSE
	EndGlobalSection
	GlobalSection(ExtensibilityGlobals) = postSolution
		SolutionGuid = {56229058-0904-4C9E-8EE1-318D14EA7DBF}
	EndGlobalSection
EndGlobal
